<?xml version="1.0" encoding="utf-8"?>
<Project ToolsVersion="4.0" xmlns="http://schemas.microsoft.com/developer/msbuild/2003">
  <ItemGroup>
    <ClCompile Include="..\Baekjoon\lv3_베스트앨범.cpp" />
    <ClCompile Include="lv2_기능 개발.cpp" />
    <ClCompile Include="lv2_다리를 지나는 트럭.cpp" />
    <ClCompile Include="lv2_주식가격.cpp" />
    <ClCompile Include="lv2_프로세스.cpp" />
    <ClCompile Include="lv3_베스트앨범_sol2.cpp" />
    <ClCompile Include="같은 숫자는 싫어_sol1.cpp" />
    <ClCompile Include="같은 숫자는 싫어_sol2.cpp" />
    <ClCompile Include="베스트앨범.cpp" />
    <ClCompile Include="완주하지 못한 선수.cpp" />
    <ClCompile Include="의상 resolve1.cpp" />
    <ClCompile Include="의상.cpp" />
    <ClCompile Include="전화번호 목록.cpp" />
    <ClCompile Include="폰켓몬.cpp" />
    <ClCompile Include="lv3_디스크 컨트롤러.cpp" />
    <ClCompile Include="lv3_디스크 컨트롤러_ans.cpp" />
    <ClCompile Include="lv3_이중우선순위큐.cpp" />
    <ClCompile Include="lv1_k번째수.cpp" />
    <ClCompile Include="lv2_가장 큰 수.cpp" />
    <ClCompile Include="lv2_H-Index.cpp" />
    <ClCompile Include="lv1_최소 직사각형.cpp" />
    <ClCompile Include="lv1_모의고사.cpp" />
    <ClCompile Include="lv2_소수 찾기.cpp" />
    <ClCompile Include="lv2 카펫.cpp" />
    <ClCompile Include="lv3_이중우선순위큐_resol1.cpp" />
    <ClCompile Include="lv2_가장 큰 수_resol1.cpp" />
  </ItemGroup>
</Project>